
Microsoft Visual Studio Solution File, Format Version 12.00
# Visual Studio 15
VisualStudioVersion = 15.0.27703.2042
MinimumVisualStudioVersion = 10.0.40219.1
Project("{FAE04EC0-301F-11D3-BF4B-00C04F79EFBC}") = "SiteParser", "SiteParser\SiteParser.csproj", "{63420210-7462-4044-AD66-B72C48284736}"
EndProject
Project("{FAE04EC0-301F-11D3-BF4B-00C04F79EFBC}") = "SiteParserCore", "SiteParserCore\SiteParserCore.csproj", "{37D3AACB-2D3B-4BB5-A2E4-BCF2002EFD19}"
EndProject
Global
	GlobalSection(SolutionConfigurationPlatforms) = preSolution
		Debug|Any CPU = Debug|Any CPU
		Release|Any CPU = Release|Any CPU
	EndGlobalSection
	GlobalSection(ProjectConfigurationPlatforms) = postSolution
		{63420210-7462-4044-AD66-B72C48284736}.Debug|Any CPU.ActiveCfg = Debug|Any CPU
		{63420210-7462-4044-AD66-B72C48284736}.Debug|Any CPU.Build.0 = Debug|Any CPU
		{63420210-7462-4044-AD66-B72C48284736}.Release|Any CPU.ActiveCfg = Release|Any CPU
		{63420210-7462-4044-AD66-B72C48284736}.Release|Any CPU.Build.0 = Release|Any CPU
		{37D3AACB-2D3B-4BB5-A2E4-BCF2002EFD19}.Debug|Any CPU.ActiveCfg = Debug|Any CPU
		{37D3AACB-2D3B-4BB5-A2E4-BCF2002EFD19}.Debug|Any CPU.Build.0 = Debug|Any CPU
		{37D3AACB-2D3B-4BB5-A2E4-BCF2002EFD19}.Release|Any CPU.ActiveCfg = Release|Any CPU
		{37D3AACB-2D3B-4BB5-A2E4-BCF2002EFD19}.Release|Any CPU.Build.0 = Release|Any CPU
	EndGlobalSection
	GlobalSection(SolutionProperties) = preSolution
		HideSolutionNode = FALSE
	EndGlobalSection
	GlobalSection(ExtensibilityGlobals) = postSolution
		SolutionGuid = {006786C9-F17B-4A11-974E-69237432E54F}
	EndGlobalSection
EndGlobal
